// !$*UTF8*$!
{
	archiveVersion = 1;
	classes = {
	};
	objectVersion = 56;
	objects = {

/* Begin PBXBuildFile section */
		2C5D76642C10AE3400C0F8B8 /* NetworkServices.swift in Sources */ = {isa = PBXBuildFile; fileRef = 2C5D76632C10AE3400C0F8B8 /* NetworkServices.swift */; };
		2C5D76662C116AE300C0F8B8 /* ResultView.swift in Sources */ = {isa = PBXBuildFile; fileRef = 2C5D76652C116AE300C0F8B8 /* ResultView.swift */; };
		2C5D76682C116DE800C0F8B8 /* RawVoice.swift in Sources */ = {isa = PBXBuildFile; fileRef = 2C5D76672C116DE800C0F8B8 /* RawVoice.swift */; };
		2C5D766D2C11ABDD00C0F8B8 /* OpenAIModel.swift in Sources */ = {isa = PBXBuildFile; fileRef = 2C5D766C2C11ABDD00C0F8B8 /* OpenAIModel.swift */; };
		2C5D766F2C11F03400C0F8B8 /* OpenAIViewModel.swift in Sources */ = {isa = PBXBuildFile; fileRef = 2C5D766E2C11F03400C0F8B8 /* OpenAIViewModel.swift */; };
		2C5D76712C13296D00C0F8B8 /* NavigationController.swift in Sources */ = {isa = PBXBuildFile; fileRef = 2C5D76702C13296D00C0F8B8 /* NavigationController.swift */; };
		2C5D76732C14223700C0F8B8 /* AppModelContainer.swift in Sources */ = {isa = PBXBuildFile; fileRef = 2C5D76722C14223700C0F8B8 /* AppModelContainer.swift */; };
		2C5D76752C142F5900C0F8B8 /* EmptyNotesView.swift in Sources */ = {isa = PBXBuildFile; fileRef = 2C5D76742C142F5900C0F8B8 /* EmptyNotesView.swift */; };
		2C5D76792C157F7E00C0F8B8 /* LookUpTextView.swift in Sources */ = {isa = PBXBuildFile; fileRef = 2C5D76782C157F7E00C0F8B8 /* LookUpTextView.swift */; };
		2C7598B22C0B4CBB001B4CCF /* SpeechRecognitionController.swift in Sources */ = {isa = PBXBuildFile; fileRef = 2C7598B12C0B4CBB001B4CCF /* SpeechRecognitionController.swift */; };
		2CC997472C05C81E008C9EB8 /* HealthNoteApp.swift in Sources */ = {isa = PBXBuildFile; fileRef = 2CC997462C05C81E008C9EB8 /* HealthNoteApp.swift */; };
		2CC997492C05C81E008C9EB8 /* ContentView.swift in Sources */ = {isa = PBXBuildFile; fileRef = 2CC997482C05C81E008C9EB8 /* ContentView.swift */; };
		2CC9974B2C05C81F008C9EB8 /* Assets.xcassets in Resources */ = {isa = PBXBuildFile; fileRef = 2CC9974A2C05C81F008C9EB8 /* Assets.xcassets */; };
		2CC9974E2C05C81F008C9EB8 /* Preview Assets.xcassets in Resources */ = {isa = PBXBuildFile; fileRef = 2CC9974D2C05C81F008C9EB8 /* Preview Assets.xcassets */; };
		2CC997562C074634008C9EB8 /* HomeView.swift in Sources */ = {isa = PBXBuildFile; fileRef = 2CC997552C074634008C9EB8 /* HomeView.swift */; };
		2CC997582C0747AE008C9EB8 /* RecordView.swift in Sources */ = {isa = PBXBuildFile; fileRef = 2CC997572C0747AE008C9EB8 /* RecordView.swift */; };
		2CC9975B2C074E3B008C9EB8 /* NotesModel.swift in Sources */ = {isa = PBXBuildFile; fileRef = 2CC9975A2C074E3B008C9EB8 /* NotesModel.swift */; };
		2CC9975E2C074F2C008C9EB8 /* Utils.swift in Sources */ = {isa = PBXBuildFile; fileRef = 2CC9975D2C074F2C008C9EB8 /* Utils.swift */; };
		2CC997602C086B44008C9EB8 /* Authorization.swift in Sources */ = {isa = PBXBuildFile; fileRef = 2CC9975F2C086B44008C9EB8 /* Authorization.swift */; };
		2CC997632C08720B008C9EB8 /* RecordButtonView.swift in Sources */ = {isa = PBXBuildFile; fileRef = 2CC997622C08720B008C9EB8 /* RecordButtonView.swift */; };
		2CEE61F32C240CA30067E550 /* HealthNoteWatchApp.swift in Sources */ = {isa = PBXBuildFile; fileRef = 2CEE61F22C240CA30067E550 /* HealthNoteWatchApp.swift */; };
		2CEE61F52C240CA30067E550 /* ContentView.swift in Sources */ = {isa = PBXBuildFile; fileRef = 2CEE61F42C240CA30067E550 /* ContentView.swift */; };
		2CEE61F72C240CA40067E550 /* Assets.xcassets in Resources */ = {isa = PBXBuildFile; fileRef = 2CEE61F62C240CA40067E550 /* Assets.xcassets */; };
		2CEE61FA2C240CA40067E550 /* Preview Assets.xcassets in Resources */ = {isa = PBXBuildFile; fileRef = 2CEE61F92C240CA40067E550 /* Preview Assets.xcassets */; };
		2CEE61FD2C240CA40067E550 /* HealthNoteWatch Watch App.app in Embed Watch Content */ = {isa = PBXBuildFile; fileRef = 2CEE61F02C240CA30067E550 /* HealthNoteWatch Watch App.app */; settings = {ATTRIBUTES = (RemoveHeadersOnCopy, ); }; };
		2CEE62062C242C6A0067E550 /* RecordView.swift in Sources */ = {isa = PBXBuildFile; fileRef = 2CEE62052C242C6A0067E550 /* RecordView.swift */; };
		2CEE620B2C2436DA0067E550 /* SpeechController.swift in Sources */ = {isa = PBXBuildFile; fileRef = 2CEE620A2C2436DA0067E550 /* SpeechController.swift */; };
/* End PBXBuildFile section */

/* Begin PBXContainerItemProxy section */
		2CEE61FB2C240CA40067E550 /* PBXContainerItemProxy */ = {
			isa = PBXContainerItemProxy;
			containerPortal = 2CC9973B2C05C81E008C9EB8 /* Project object */;
			proxyType = 1;
			remoteGlobalIDString = 2CEE61EF2C240CA30067E550;
			remoteInfo = "HealthNoteWatch Watch App";
		};
/* End PBXContainerItemProxy section */

/* Begin PBXCopyFilesBuildPhase section */
		2CEE62012C240CA40067E550 /* Embed Watch Content */ = {
			isa = PBXCopyFilesBuildPhase;
			buildActionMask = 2147483647;
			dstPath = "$(CONTENTS_FOLDER_PATH)/Watch";
			dstSubfolderSpec = 16;
			files = (
				2CEE61FD2C240CA40067E550 /* HealthNoteWatch Watch App.app in Embed Watch Content */,
			);
			name = "Embed Watch Content";
			runOnlyForDeploymentPostprocessing = 0;
		};
/* End PBXCopyFilesBuildPhase section */

/* Begin PBXFileReference section */
		2C5D76602C10949900C0F8B8 /* Info.plist */ = {isa = PBXFileReference; lastKnownFileType = text.plist.xml; path = Info.plist; sourceTree = "<group>"; };
		2C5D76632C10AE3400C0F8B8 /* NetworkServices.swift */ = {isa = PBXFileReference; lastKnownFileType = sourcecode.swift; path = NetworkServices.swift; sourceTree = "<group>"; };
		2C5D76652C116AE300C0F8B8 /* ResultView.swift */ = {isa = PBXFileReference; lastKnownFileType = sourcecode.swift; path = ResultView.swift; sourceTree = "<group>"; };
		2C5D76672C116DE800C0F8B8 /* RawVoice.swift */ = {isa = PBXFileReference; lastKnownFileType = sourcecode.swift; path = RawVoice.swift; sourceTree = "<group>"; };
		2C5D766C2C11ABDD00C0F8B8 /* OpenAIModel.swift */ = {isa = PBXFileReference; lastKnownFileType = sourcecode.swift; path = OpenAIModel.swift; sourceTree = "<group>"; };
		2C5D766E2C11F03400C0F8B8 /* OpenAIViewModel.swift */ = {isa = PBXFileReference; lastKnownFileType = sourcecode.swift; path = OpenAIViewModel.swift; sourceTree = "<group>"; };
		2C5D76702C13296D00C0F8B8 /* NavigationController.swift */ = {isa = PBXFileReference; lastKnownFileType = sourcecode.swift; path = NavigationController.swift; sourceTree = "<group>"; };
		2C5D76722C14223700C0F8B8 /* AppModelContainer.swift */ = {isa = PBXFileReference; lastKnownFileType = sourcecode.swift; path = AppModelContainer.swift; sourceTree = "<group>"; };
		2C5D76742C142F5900C0F8B8 /* EmptyNotesView.swift */ = {isa = PBXFileReference; lastKnownFileType = sourcecode.swift; path = EmptyNotesView.swift; sourceTree = "<group>"; };
		2C5D76782C157F7E00C0F8B8 /* LookUpTextView.swift */ = {isa = PBXFileReference; lastKnownFileType = sourcecode.swift; path = LookUpTextView.swift; sourceTree = "<group>"; };
		2C7598B12C0B4CBB001B4CCF /* SpeechRecognitionController.swift */ = {isa = PBXFileReference; lastKnownFileType = sourcecode.swift; path = SpeechRecognitionController.swift; sourceTree = "<group>"; };
		2CC997432C05C81E008C9EB8 /* HealthNote.app */ = {isa = PBXFileReference; explicitFileType = wrapper.application; includeInIndex = 0; path = HealthNote.app; sourceTree = BUILT_PRODUCTS_DIR; };
		2CC997462C05C81E008C9EB8 /* HealthNoteApp.swift */ = {isa = PBXFileReference; lastKnownFileType = sourcecode.swift; path = HealthNoteApp.swift; sourceTree = "<group>"; };
		2CC997482C05C81E008C9EB8 /* ContentView.swift */ = {isa = PBXFileReference; lastKnownFileType = sourcecode.swift; path = ContentView.swift; sourceTree = "<group>"; };
		2CC9974A2C05C81F008C9EB8 /* Assets.xcassets */ = {isa = PBXFileReference; lastKnownFileType = folder.assetcatalog; path = Assets.xcassets; sourceTree = "<group>"; };
		2CC9974D2C05C81F008C9EB8 /* Preview Assets.xcassets */ = {isa = PBXFileReference; lastKnownFileType = folder.assetcatalog; path = "Preview Assets.xcassets"; sourceTree = "<group>"; };
		2CC997552C074634008C9EB8 /* HomeView.swift */ = {isa = PBXFileReference; lastKnownFileType = sourcecode.swift; path = HomeView.swift; sourceTree = "<group>"; };
		2CC997572C0747AE008C9EB8 /* RecordView.swift */ = {isa = PBXFileReference; lastKnownFileType = sourcecode.swift; path = RecordView.swift; sourceTree = "<group>"; };
		2CC9975A2C074E3B008C9EB8 /* NotesModel.swift */ = {isa = PBXFileReference; lastKnownFileType = sourcecode.swift; path = NotesModel.swift; sourceTree = "<group>"; };
		2CC9975D2C074F2C008C9EB8 /* Utils.swift */ = {isa = PBXFileReference; lastKnownFileType = sourcecode.swift; path = Utils.swift; sourceTree = "<group>"; };
		2CC9975F2C086B44008C9EB8 /* Authorization.swift */ = {isa = PBXFileReference; lastKnownFileType = sourcecode.swift; path = Authorization.swift; sourceTree = "<group>"; };
		2CC997622C08720B008C9EB8 /* RecordButtonView.swift */ = {isa = PBXFileReference; lastKnownFileType = sourcecode.swift; path = RecordButtonView.swift; sourceTree = "<group>"; };
		2CEE61F02C240CA30067E550 /* HealthNoteWatch Watch App.app */ = {isa = PBXFileReference; explicitFileType = wrapper.application; includeInIndex = 0; path = "HealthNoteWatch Watch App.app"; sourceTree = BUILT_PRODUCTS_DIR; };
		2CEE61F22C240CA30067E550 /* HealthNoteWatchApp.swift */ = {isa = PBXFileReference; lastKnownFileType = sourcecode.swift; path = HealthNoteWatchApp.swift; sourceTree = "<group>"; };
		2CEE61F42C240CA30067E550 /* ContentView.swift */ = {isa = PBXFileReference; lastKnownFileType = sourcecode.swift; path = ContentView.swift; sourceTree = "<group>"; };
		2CEE61F62C240CA40067E550 /* Assets.xcassets */ = {isa = PBXFileReference; lastKnownFileType = folder.assetcatalog; path = Assets.xcassets; sourceTree = "<group>"; };
		2CEE61F92C240CA40067E550 /* Preview Assets.xcassets */ = {isa = PBXFileReference; lastKnownFileType = folder.assetcatalog; path = "Preview Assets.xcassets"; sourceTree = "<group>"; };
		2CEE62052C242C6A0067E550 /* RecordView.swift */ = {isa = PBXFileReference; lastKnownFileType = sourcecode.swift; path = RecordView.swift; sourceTree = "<group>"; };
		2CEE62072C242CA30067E550 /* HealthNoteWatch Watch App.entitlements */ = {isa = PBXFileReference; lastKnownFileType = text.plist.entitlements; path = "HealthNoteWatch Watch App.entitlements"; sourceTree = "<group>"; };
		2CEE62082C242CB70067E550 /* HealthNoteWatch-Watch-App-Info.plist */ = {isa = PBXFileReference; lastKnownFileType = text.plist; path = "HealthNoteWatch-Watch-App-Info.plist"; sourceTree = SOURCE_ROOT; };
		2CEE620A2C2436DA0067E550 /* SpeechController.swift */ = {isa = PBXFileReference; lastKnownFileType = sourcecode.swift; path = SpeechController.swift; sourceTree = "<group>"; };
/* End PBXFileReference section */

/* Begin PBXFrameworksBuildPhase section */
		2CC997402C05C81E008C9EB8 /* Frameworks */ = {
			isa = PBXFrameworksBuildPhase;
			buildActionMask = 2147483647;
			files = (
			);
			runOnlyForDeploymentPostprocessing = 0;
		};
		2CEE61ED2C240CA30067E550 /* Frameworks */ = {
			isa = PBXFrameworksBuildPhase;
			buildActionMask = 2147483647;
			files = (
			);
			runOnlyForDeploymentPostprocessing = 0;
		};
/* End PBXFrameworksBuildPhase section */

/* Begin PBXGroup section */
		2C5D765D2C104AF700C0F8B8 /* Frameworks */ = {
			isa = PBXGroup;
			children = (
			);
			name = Frameworks;
			sourceTree = "<group>";
		};
		2C5D76622C10AE1800C0F8B8 /* Network */ = {
			isa = PBXGroup;
			children = (
				2C5D76632C10AE3400C0F8B8 /* NetworkServices.swift */,
			);
			path = Network;
			sourceTree = "<group>";
		};
		2C5D766B2C11A8D200C0F8B8 /* ViewModel */ = {
			isa = PBXGroup;
			children = (
				2C5D766E2C11F03400C0F8B8 /* OpenAIViewModel.swift */,
			);
			path = ViewModel;
			sourceTree = "<group>";
		};
		2CC9973A2C05C81E008C9EB8 = {
			isa = PBXGroup;
			children = (
				2CC997452C05C81E008C9EB8 /* HealthNote */,
				2CEE61F12C240CA30067E550 /* HealthNoteWatch Watch App */,
				2CC997442C05C81E008C9EB8 /* Products */,
				2C5D765D2C104AF700C0F8B8 /* Frameworks */,
			);
			sourceTree = "<group>";
		};
		2CC997442C05C81E008C9EB8 /* Products */ = {
			isa = PBXGroup;
			children = (
				2CC997432C05C81E008C9EB8 /* HealthNote.app */,
				2CEE61F02C240CA30067E550 /* HealthNoteWatch Watch App.app */,
			);
			name = Products;
			sourceTree = "<group>";
		};
		2CC997452C05C81E008C9EB8 /* HealthNote */ = {
			isa = PBXGroup;
			children = (
				2C5D766B2C11A8D200C0F8B8 /* ViewModel */,
				2C5D76622C10AE1800C0F8B8 /* Network */,
				2CC997642C087381008C9EB8 /* Controller */,
				2CC9975C2C074F20008C9EB8 /* Utils */,
				2CC997592C074E20008C9EB8 /* Model */,
				2CC997542C05C832008C9EB8 /* Views */,
				2CC997462C05C81E008C9EB8 /* HealthNoteApp.swift */,
				2CC997482C05C81E008C9EB8 /* ContentView.swift */,
				2CC9974A2C05C81F008C9EB8 /* Assets.xcassets */,
				2CC9974C2C05C81F008C9EB8 /* Preview Content */,
				2C5D76602C10949900C0F8B8 /* Info.plist */,
			);
			path = HealthNote;
			sourceTree = "<group>";
		};
		2CC9974C2C05C81F008C9EB8 /* Preview Content */ = {
			isa = PBXGroup;
			children = (
				2CC9974D2C05C81F008C9EB8 /* Preview Assets.xcassets */,
			);
			path = "Preview Content";
			sourceTree = "<group>";
		};
		2CC997542C05C832008C9EB8 /* Views */ = {
			isa = PBXGroup;
			children = (
				2CC997552C074634008C9EB8 /* HomeView.swift */,
				2CC997572C0747AE008C9EB8 /* RecordView.swift */,
				2CC997622C08720B008C9EB8 /* RecordButtonView.swift */,
				2C5D76652C116AE300C0F8B8 /* ResultView.swift */,
				2C5D76672C116DE800C0F8B8 /* RawVoice.swift */,
				2C5D76742C142F5900C0F8B8 /* EmptyNotesView.swift */,
				2C5D76782C157F7E00C0F8B8 /* LookUpTextView.swift */,
			);
			path = Views;
			sourceTree = "<group>";
		};
		2CC997592C074E20008C9EB8 /* Model */ = {
			isa = PBXGroup;
			children = (
				2CC9975A2C074E3B008C9EB8 /* NotesModel.swift */,
				2C5D766C2C11ABDD00C0F8B8 /* OpenAIModel.swift */,
				2C5D76722C14223700C0F8B8 /* AppModelContainer.swift */,
			);
			path = Model;
			sourceTree = "<group>";
		};
		2CC9975C2C074F20008C9EB8 /* Utils */ = {
			isa = PBXGroup;
			children = (
				2CC9975D2C074F2C008C9EB8 /* Utils.swift */,
				2CC9975F2C086B44008C9EB8 /* Authorization.swift */,
			);
			path = Utils;
			sourceTree = "<group>";
		};
		2CC997642C087381008C9EB8 /* Controller */ = {
			isa = PBXGroup;
			children = (
				2C7598B12C0B4CBB001B4CCF /* SpeechRecognitionController.swift */,
				2C5D76702C13296D00C0F8B8 /* NavigationController.swift */,
			);
			path = Controller;
			sourceTree = "<group>";
		};
		2CEE61F12C240CA30067E550 /* HealthNoteWatch Watch App */ = {
			isa = PBXGroup;
			children = (
				2CEE62092C2436C50067E550 /* Controller */,
				2CEE62082C242CB70067E550 /* HealthNoteWatch-Watch-App-Info.plist */,
				2CEE62072C242CA30067E550 /* HealthNoteWatch Watch App.entitlements */,
				2CEE62022C240D500067E550 /* View */,
				2CEE61F22C240CA30067E550 /* HealthNoteWatchApp.swift */,
				2CEE61F42C240CA30067E550 /* ContentView.swift */,
				2CEE61F62C240CA40067E550 /* Assets.xcassets */,
				2CEE61F82C240CA40067E550 /* Preview Content */,
			);
			path = "HealthNoteWatch Watch App";
			sourceTree = "<group>";
		};
		2CEE61F82C240CA40067E550 /* Preview Content */ = {
			isa = PBXGroup;
			children = (
				2CEE61F92C240CA40067E550 /* Preview Assets.xcassets */,
			);
			path = "Preview Content";
			sourceTree = "<group>";
		};
		2CEE62022C240D500067E550 /* View */ = {
			isa = PBXGroup;
			children = (
				2CEE62052C242C6A0067E550 /* RecordView.swift */,
			);
			path = View;
			sourceTree = "<group>";
		};
		2CEE62092C2436C50067E550 /* Controller */ = {
			isa = PBXGroup;
			children = (
				2CEE620A2C2436DA0067E550 /* SpeechController.swift */,
			);
			path = Controller;
			sourceTree = "<group>";
		};
/* End PBXGroup section */

/* Begin PBXNativeTarget section */
		2CC997422C05C81E008C9EB8 /* HealthNote */ = {
			isa = PBXNativeTarget;
			buildConfigurationList = 2CC997512C05C81F008C9EB8 /* Build configuration list for PBXNativeTarget "HealthNote" */;
			buildPhases = (
				2CC9973F2C05C81E008C9EB8 /* Sources */,
				2CC997402C05C81E008C9EB8 /* Frameworks */,
				2CC997412C05C81E008C9EB8 /* Resources */,
				2CEE62012C240CA40067E550 /* Embed Watch Content */,
			);
			buildRules = (
			);
			dependencies = (
				2CEE61FC2C240CA40067E550 /* PBXTargetDependency */,
			);
			name = HealthNote;
			productName = HealthNote;
			productReference = 2CC997432C05C81E008C9EB8 /* HealthNote.app */;
			productType = "com.apple.product-type.application";
		};
		2CEE61EF2C240CA30067E550 /* HealthNoteWatch Watch App */ = {
			isa = PBXNativeTarget;
			buildConfigurationList = 2CEE61FE2C240CA40067E550 /* Build configuration list for PBXNativeTarget "HealthNoteWatch Watch App" */;
			buildPhases = (
				2CEE61EC2C240CA30067E550 /* Sources */,
				2CEE61ED2C240CA30067E550 /* Frameworks */,
				2CEE61EE2C240CA30067E550 /* Resources */,
			);
			buildRules = (
			);
			dependencies = (
			);
			name = "HealthNoteWatch Watch App";
			productName = "HealthNoteWatch Watch App";
			productReference = 2CEE61F02C240CA30067E550 /* HealthNoteWatch Watch App.app */;
			productType = "com.apple.product-type.application";
		};
/* End PBXNativeTarget section */

/* Begin PBXProject section */
		2CC9973B2C05C81E008C9EB8 /* Project object */ = {
			isa = PBXProject;
			attributes = {
				BuildIndependentTargetsInParallel = 1;
				LastSwiftUpdateCheck = 1540;
				LastUpgradeCheck = 1530;
				TargetAttributes = {
					2CC997422C05C81E008C9EB8 = {
						CreatedOnToolsVersion = 15.3;
					};
					2CEE61EF2C240CA30067E550 = {
						CreatedOnToolsVersion = 15.4;
					};
				};
			};
			buildConfigurationList = 2CC9973E2C05C81E008C9EB8 /* Build configuration list for PBXProject "HealthNote" */;
			compatibilityVersion = "Xcode 14.0";
			developmentRegion = en;
			hasScannedForEncodings = 0;
			knownRegions = (
				en,
				Base,
			);
			mainGroup = 2CC9973A2C05C81E008C9EB8;
			productRefGroup = 2CC997442C05C81E008C9EB8 /* Products */;
			projectDirPath = "";
			projectRoot = "";
			targets = (
				2CC997422C05C81E008C9EB8 /* HealthNote */,
				2CEE61EF2C240CA30067E550 /* HealthNoteWatch Watch App */,
			);
		};
/* End PBXProject section */

/* Begin PBXResourcesBuildPhase section */
		2CC997412C05C81E008C9EB8 /* Resources */ = {
			isa = PBXResourcesBuildPhase;
			buildActionMask = 2147483647;
			files = (
				2CC9974E2C05C81F008C9EB8 /* Preview Assets.xcassets in Resources */,
				2CC9974B2C05C81F008C9EB8 /* Assets.xcassets in Resources */,
			);
			runOnlyForDeploymentPostprocessing = 0;
		};
		2CEE61EE2C240CA30067E550 /* Resources */ = {
			isa = PBXResourcesBuildPhase;
			buildActionMask = 2147483647;
			files = (
				2CEE61FA2C240CA40067E550 /* Preview Assets.xcassets in Resources */,
				2CEE61F72C240CA40067E550 /* Assets.xcassets in Resources */,
			);
			runOnlyForDeploymentPostprocessing = 0;
		};
/* End PBXResourcesBuildPhase section */

/* Begin PBXSourcesBuildPhase section */
		2CC9973F2C05C81E008C9EB8 /* Sources */ = {
			isa = PBXSourcesBuildPhase;
			buildActionMask = 2147483647;
			files = (
				2C7598B22C0B4CBB001B4CCF /* SpeechRecognitionController.swift in Sources */,
				2C5D76792C157F7E00C0F8B8 /* LookUpTextView.swift in Sources */,
				2CC997562C074634008C9EB8 /* HomeView.swift in Sources */,
				2C5D76682C116DE800C0F8B8 /* RawVoice.swift in Sources */,
				2CC997582C0747AE008C9EB8 /* RecordView.swift in Sources */,
				2C5D76732C14223700C0F8B8 /* AppModelContainer.swift in Sources */,
				2CC997492C05C81E008C9EB8 /* ContentView.swift in Sources */,
				2C5D766F2C11F03400C0F8B8 /* OpenAIViewModel.swift in Sources */,
				2CC997472C05C81E008C9EB8 /* HealthNoteApp.swift in Sources */,
				2C5D76642C10AE3400C0F8B8 /* NetworkServices.swift in Sources */,
				2C5D766D2C11ABDD00C0F8B8 /* OpenAIModel.swift in Sources */,
				2C5D76662C116AE300C0F8B8 /* ResultView.swift in Sources */,
				2CC9975B2C074E3B008C9EB8 /* NotesModel.swift in Sources */,
				2C5D76752C142F5900C0F8B8 /* EmptyNotesView.swift in Sources */,
				2C5D76712C13296D00C0F8B8 /* NavigationController.swift in Sources */,
				2CC997602C086B44008C9EB8 /* Authorization.swift in Sources */,
				2CC9975E2C074F2C008C9EB8 /* Utils.swift in Sources */,
				2CC997632C08720B008C9EB8 /* RecordButtonView.swift in Sources */,
			);
			runOnlyForDeploymentPostprocessing = 0;
		};
		2CEE61EC2C240CA30067E550 /* Sources */ = {
			isa = PBXSourcesBuildPhase;
			buildActionMask = 2147483647;
			files = (
				2CEE61F52C240CA30067E550 /* ContentView.swift in Sources */,
				2CEE620B2C2436DA0067E550 /* SpeechController.swift in Sources */,
				2CEE62062C242C6A0067E550 /* RecordView.swift in Sources */,
				2CEE61F32C240CA30067E550 /* HealthNoteWatchApp.swift in Sources */,
			);
			runOnlyForDeploymentPostprocessing = 0;
		};
/* End PBXSourcesBuildPhase section */

/* Begin PBXTargetDependency section */
		2CEE61FC2C240CA40067E550 /* PBXTargetDependency */ = {
			isa = PBXTargetDependency;
			target = 2CEE61EF2C240CA30067E550 /* HealthNoteWatch Watch App */;
			targetProxy = 2CEE61FB2C240CA40067E550 /* PBXContainerItemProxy */;
		};
/* End PBXTargetDependency section */

/* Begin XCBuildConfiguration section */
		2CC9974F2C05C81F008C9EB8 /* Debug */ = {
			isa = XCBuildConfiguration;
			buildSettings = {
				ALWAYS_SEARCH_USER_PATHS = NO;
				ASSETCATALOG_COMPILER_GENERATE_SWIFT_ASSET_SYMBOL_EXTENSIONS = YES;
				CLANG_ANALYZER_NONNULL = YES;
				CLANG_ANALYZER_NUMBER_OBJECT_CONVERSION = YES_AGGRESSIVE;
				CLANG_CXX_LANGUAGE_STANDARD = "gnu++20";
				CLANG_ENABLE_MODULES = YES;
				CLANG_ENABLE_OBJC_ARC = YES;
				CLANG_ENABLE_OBJC_WEAK = YES;
				CLANG_WARN_BLOCK_CAPTURE_AUTORELEASING = YES;
				CLANG_WARN_BOOL_CONVERSION = YES;
				CLANG_WARN_COMMA = YES;
				CLANG_WARN_CONSTANT_CONVERSION = YES;
				CLANG_WARN_DEPRECATED_OBJC_IMPLEMENTATIONS = YES;
				CLANG_WARN_DIRECT_OBJC_ISA_USAGE = YES_ERROR;
				CLANG_WARN_DOCUMENTATION_COMMENTS = YES;
				CLANG_WARN_EMPTY_BODY = YES;
				CLANG_WARN_ENUM_CONVERSION = YES;
				CLANG_WARN_INFINITE_RECURSION = YES;
				CLANG_WARN_INT_CONVERSION = YES;
				CLANG_WARN_NON_LITERAL_NULL_CONVERSION = YES;
				CLANG_WARN_OBJC_IMPLICIT_RETAIN_SELF = YES;
				CLANG_WARN_OBJC_LITERAL_CONVERSION = YES;
				CLANG_WARN_OBJC_ROOT_CLASS = YES_ERROR;
				CLANG_WARN_QUOTED_INCLUDE_IN_FRAMEWORK_HEADER = YES;
				CLANG_WARN_RANGE_LOOP_ANALYSIS = YES;
				CLANG_WARN_STRICT_PROTOTYPES = YES;
				CLANG_WARN_SUSPICIOUS_MOVE = YES;
				CLANG_WARN_UNGUARDED_AVAILABILITY = YES_AGGRESSIVE;
				CLANG_WARN_UNREACHABLE_CODE = YES;
				CLANG_WARN__DUPLICATE_METHOD_MATCH = YES;
				COPY_PHASE_STRIP = NO;
				DEBUG_INFORMATION_FORMAT = dwarf;
				ENABLE_STRICT_OBJC_MSGSEND = YES;
				ENABLE_TESTABILITY = YES;
				ENABLE_USER_SCRIPT_SANDBOXING = YES;
				GCC_C_LANGUAGE_STANDARD = gnu17;
				GCC_DYNAMIC_NO_PIC = NO;
				GCC_NO_COMMON_BLOCKS = YES;
				GCC_OPTIMIZATION_LEVEL = 0;
				GCC_PREPROCESSOR_DEFINITIONS = (
					"DEBUG=1",
					"$(inherited)",
				);
				GCC_WARN_64_TO_32_BIT_CONVERSION = YES;
				GCC_WARN_ABOUT_RETURN_TYPE = YES_ERROR;
				GCC_WARN_UNDECLARED_SELECTOR = YES;
				GCC_WARN_UNINITIALIZED_AUTOS = YES_AGGRESSIVE;
				GCC_WARN_UNUSED_FUNCTION = YES;
				GCC_WARN_UNUSED_VARIABLE = YES;
				IPHONEOS_DEPLOYMENT_TARGET = 17.4;
				LOCALIZATION_PREFERS_STRING_CATALOGS = YES;
				MTL_ENABLE_DEBUG_INFO = INCLUDE_SOURCE;
				MTL_FAST_MATH = YES;
				ONLY_ACTIVE_ARCH = YES;
				SDKROOT = iphoneos;
				SWIFT_ACTIVE_COMPILATION_CONDITIONS = "DEBUG $(inherited)";
				SWIFT_OPTIMIZATION_LEVEL = "-Onone";
				WATCHOS_DEPLOYMENT_TARGET = 10.5;
			};
			name = Debug;
		};
		2CC997502C05C81F008C9EB8 /* Release */ = {
			isa = XCBuildConfiguration;
			buildSettings = {
				ALWAYS_SEARCH_USER_PATHS = NO;
				ASSETCATALOG_COMPILER_GENERATE_SWIFT_ASSET_SYMBOL_EXTENSIONS = YES;
				CLANG_ANALYZER_NONNULL = YES;
				CLANG_ANALYZER_NUMBER_OBJECT_CONVERSION = YES_AGGRESSIVE;
				CLANG_CXX_LANGUAGE_STANDARD = "gnu++20";
				CLANG_ENABLE_MODULES = YES;
				CLANG_ENABLE_OBJC_ARC = YES;
				CLANG_ENABLE_OBJC_WEAK = YES;
				CLANG_WARN_BLOCK_CAPTURE_AUTORELEASING = YES;
				CLANG_WARN_BOOL_CONVERSION = YES;
				CLANG_WARN_COMMA = YES;
				CLANG_WARN_CONSTANT_CONVERSION = YES;
				CLANG_WARN_DEPRECATED_OBJC_IMPLEMENTATIONS = YES;
				CLANG_WARN_DIRECT_OBJC_ISA_USAGE = YES_ERROR;
				CLANG_WARN_DOCUMENTATION_COMMENTS = YES;
				CLANG_WARN_EMPTY_BODY = YES;
				CLANG_WARN_ENUM_CONVERSION = YES;
				CLANG_WARN_INFINITE_RECURSION = YES;
				CLANG_WARN_INT_CONVERSION = YES;
				CLANG_WARN_NON_LITERAL_NULL_CONVERSION = YES;
				CLANG_WARN_OBJC_IMPLICIT_RETAIN_SELF = YES;
				CLANG_WARN_OBJC_LITERAL_CONVERSION = YES;
				CLANG_WARN_OBJC_ROOT_CLASS = YES_ERROR;
				CLANG_WARN_QUOTED_INCLUDE_IN_FRAMEWORK_HEADER = YES;
				CLANG_WARN_RANGE_LOOP_ANALYSIS = YES;
				CLANG_WARN_STRICT_PROTOTYPES = YES;
				CLANG_WARN_SUSPICIOUS_MOVE = YES;
				CLANG_WARN_UNGUARDED_AVAILABILITY = YES_AGGRESSIVE;
				CLANG_WARN_UNREACHABLE_CODE = YES;
				CLANG_WARN__DUPLICATE_METHOD_MATCH = YES;
				COPY_PHASE_STRIP = NO;
				DEBUG_INFORMATION_FORMAT = "dwarf-with-dsym";
				ENABLE_NS_ASSERTIONS = NO;
				ENABLE_STRICT_OBJC_MSGSEND = YES;
				ENABLE_USER_SCRIPT_SANDBOXING = YES;
				GCC_C_LANGUAGE_STANDARD = gnu17;
				GCC_NO_COMMON_BLOCKS = YES;
				GCC_WARN_64_TO_32_BIT_CONVERSION = YES;
				GCC_WARN_ABOUT_RETURN_TYPE = YES_ERROR;
				GCC_WARN_UNDECLARED_SELECTOR = YES;
				GCC_WARN_UNINITIALIZED_AUTOS = YES_AGGRESSIVE;
				GCC_WARN_UNUSED_FUNCTION = YES;
				GCC_WARN_UNUSED_VARIABLE = YES;
				IPHONEOS_DEPLOYMENT_TARGET = 17.4;
				LOCALIZATION_PREFERS_STRING_CATALOGS = YES;
				MTL_ENABLE_DEBUG_INFO = NO;
				MTL_FAST_MATH = YES;
				SDKROOT = iphoneos;
				SWIFT_COMPILATION_MODE = wholemodule;
				VALIDATE_PRODUCT = YES;
				WATCHOS_DEPLOYMENT_TARGET = 10.5;
			};
			name = Release;
		};
		2CC997522C05C81F008C9EB8 /* Debug */ = {
			isa = XCBuildConfiguration;
			buildSettings = {
				ALWAYS_EMBED_SWIFT_STANDARD_LIBRARIES = YES;
				ASSETCATALOG_COMPILER_APPICON_NAME = AppIcon;
				ASSETCATALOG_COMPILER_GLOBAL_ACCENT_COLOR_NAME = AccentColor;
				CODE_SIGN_STYLE = Automatic;
				CURRENT_PROJECT_VERSION = 2;
				DEVELOPMENT_ASSET_PATHS = "\"HealthNote/Preview Content\"";
				DEVELOPMENT_TEAM = BWGC5X6N92;
				ENABLE_PREVIEWS = YES;
				GENERATE_INFOPLIST_FILE = YES;
				INFOPLIST_FILE = HealthNote/Info.plist;
				INFOPLIST_KEY_CFBundleDisplayName = "Health Note";
				INFOPLIST_KEY_LSApplicationCategoryType = "";
				INFOPLIST_KEY_NSMicrophoneUsageDescription = "as we want to record the speech, so we also want to get grant access to user's microphone";
				INFOPLIST_KEY_NSSpeechRecognitionUsageDescription = "we want to translate the speech into text instead of typing the speech";
				INFOPLIST_KEY_UIApplicationSceneManifest_Generation = YES;
				INFOPLIST_KEY_UIApplicationSupportsIndirectInputEvents = YES;
				INFOPLIST_KEY_UILaunchScreen_Generation = YES;
				INFOPLIST_KEY_UISupportedInterfaceOrientations_iPad = "UIInterfaceOrientationPortrait UIInterfaceOrientationPortraitUpsideDown UIInterfaceOrientationLandscapeLeft UIInterfaceOrientationLandscapeRight";
				INFOPLIST_KEY_UISupportedInterfaceOrientations_iPhone = "UIInterfaceOrientationPortrait UIInterfaceOrientationLandscapeLeft UIInterfaceOrientationLandscapeRight";
				LD_RUNPATH_SEARCH_PATHS = (
					"$(inherited)",
					"@executable_path/Frameworks",
				);
				MARKETING_VERSION = 1.0;
				PRODUCT_BUNDLE_IDENTIFIER = com.cip.fardhana24.HealthNote;
				PRODUCT_NAME = "$(TARGET_NAME)";
				SWIFT_EMIT_LOC_STRINGS = YES;
				SWIFT_VERSION = 5.0;
				TARGETED_DEVICE_FAMILY = "1,2";
			};
			name = Debug;
		};
		2CC997532C05C81F008C9EB8 /* Release */ = {
			isa = XCBuildConfiguration;
			buildSettings = {
				ALWAYS_EMBED_SWIFT_STANDARD_LIBRARIES = YES;
				ASSETCATALOG_COMPILER_APPICON_NAME = AppIcon;
				ASSETCATALOG_COMPILER_GLOBAL_ACCENT_COLOR_NAME = AccentColor;
				CODE_SIGN_STYLE = Automatic;
				CURRENT_PROJECT_VERSION = 2;
				DEVELOPMENT_ASSET_PATHS = "\"HealthNote/Preview Content\"";
				DEVELOPMENT_TEAM = BWGC5X6N92;
				ENABLE_PREVIEWS = YES;
				GENERATE_INFOPLIST_FILE = YES;
				INFOPLIST_FILE = HealthNote/Info.plist;
				INFOPLIST_KEY_CFBundleDisplayName = "Health Note";
				INFOPLIST_KEY_LSApplicationCategoryType = "";
				INFOPLIST_KEY_NSMicrophoneUsageDescription = "as we want to record the speech, so we also want to get grant access to user's microphone";
				INFOPLIST_KEY_NSSpeechRecognitionUsageDescription = "we want to translate the speech into text instead of typing the speech";
				INFOPLIST_KEY_UIApplicationSceneManifest_Generation = YES;
				INFOPLIST_KEY_UIApplicationSupportsIndirectInputEvents = YES;
				INFOPLIST_KEY_UILaunchScreen_Generation = YES;
				INFOPLIST_KEY_UISupportedInterfaceOrientations_iPad = "UIInterfaceOrientationPortrait UIInterfaceOrientationPortraitUpsideDown UIInterfaceOrientationLandscapeLeft UIInterfaceOrientationLandscapeRight";
				INFOPLIST_KEY_UISupportedInterfaceOrientations_iPhone = "UIInterfaceOrientationPortrait UIInterfaceOrientationLandscapeLeft UIInterfaceOrientationLandscapeRight";
				LD_RUNPATH_SEARCH_PATHS = (
					"$(inherited)",
					"@executable_path/Frameworks",
				);
				MARKETING_VERSION = 1.0;
				PRODUCT_BUNDLE_IDENTIFIER = com.cip.fardhana24.HealthNote;
				PRODUCT_NAME = "$(TARGET_NAME)";
				SWIFT_EMIT_LOC_STRINGS = YES;
				SWIFT_VERSION = 5.0;
				TARGETED_DEVICE_FAMILY = "1,2";
			};
			name = Release;
		};
		2CEE61FF2C240CA40067E550 /* Debug */ = {
			isa = XCBuildConfiguration;
			buildSettings = {
				ASSETCATALOG_COMPILER_APPICON_NAME = AppIcon;
				ASSETCATALOG_COMPILER_GLOBAL_ACCENT_COLOR_NAME = AccentColor;
				CODE_SIGN_ENTITLEMENTS = "HealthNoteWatch Watch App/HealthNoteWatch Watch App.entitlements";
				CODE_SIGN_STYLE = Automatic;
				CURRENT_PROJECT_VERSION = 1;
				DEVELOPMENT_ASSET_PATHS = "\"HealthNoteWatch Watch App/Preview Content\"";
				DEVELOPMENT_TEAM = BWGC5X6N92;
				ENABLE_PREVIEWS = YES;
				GENERATE_INFOPLIST_FILE = YES;
				INFOPLIST_FILE = "HealthNoteWatch-Watch-App-Info.plist";
				INFOPLIST_KEY_CFBundleDisplayName = HealthNoteWatch;
				INFOPLIST_KEY_NSMicrophoneUsageDescription = "as we want to record the speech, so we also want to get grant access to user's microphone";
				INFOPLIST_KEY_NSSpeechRecognitionUsageDescription = "we want to translate the speech into text instead of typing the speech";
				INFOPLIST_KEY_UISupportedInterfaceOrientations = "UIInterfaceOrientationPortrait UIInterfaceOrientationPortraitUpsideDown";
				INFOPLIST_KEY_WKCompanionAppBundleIdentifier = com.cip.fardhana24.HealthNote;
				LD_RUNPATH_SEARCH_PATHS = (
					"$(inherited)",
					"@executable_path/Frameworks",
				);
				MARKETING_VERSION = 1.0;
				PRODUCT_BUNDLE_IDENTIFIER = com.cip.fardhana24.HealthNote.watchkitapp;
				PRODUCT_NAME = "$(TARGET_NAME)";
				SDKROOT = watchos;
				SKIP_INSTALL = YES;
				SWIFT_EMIT_LOC_STRINGS = YES;
				SWIFT_VERSION = 5.0;
				TARGETED_DEVICE_FAMILY = 4;
				WATCHOS_DEPLOYMENT_TARGET = 10.5;
			};
			name = Debug;
		};
		2CEE62002C240CA40067E550 /* Release */ = {
			isa = XCBuildConfiguration;
			buildSettings = {
				ASSETCATALOG_COMPILER_APPICON_NAME = AppIcon;
				ASSETCATALOG_COMPILER_GLOBAL_ACCENT_COLOR_NAME = AccentColor;
				CODE_SIGN_ENTITLEMENTS = "HealthNoteWatch Watch App/HealthNoteWatch Watch App.entitlements";
				CODE_SIGN_STYLE = Automatic;
				CURRENT_PROJECT_VERSION = 1;
				DEVELOPMENT_ASSET_PATHS = "\"HealthNoteWatch Watch App/Preview Content\"";
				DEVELOPMENT_TEAM = BWGC5X6N92;
				ENABLE_PREVIEWS = YES;
				GENERATE_INFOPLIST_FILE = YES;
				INFOPLIST_FILE = "HealthNoteWatch-Watch-App-Info.plist";
				INFOPLIST_KEY_CFBundleDisplayName = HealthNoteWatch;
				INFOPLIST_KEY_NSMicrophoneUsageDescription = "as we want to record the speech, so we also want to get grant access to user's microphone";
				INFOPLIST_KEY_NSSpeechRecognitionUsageDescription = "we want to translate the speech into text instead of typing the speech";
				INFOPLIST_KEY_UISupportedInterfaceOrientations = "UIInterfaceOrientationPortrait UIInterfaceOrientationPortraitUpsideDown";
				INFOPLIST_KEY_WKCompanionAppBundleIdentifier = com.cip.fardhana24.HealthNote;
				LD_RUNPATH_SEARCH_PATHS = (
					"$(inherited)",
					"@executable_path/Frameworks",
				);
				MARKETING_VERSION = 1.0;
				PRODUCT_BUNDLE_IDENTIFIER = com.cip.fardhana24.HealthNote.watchkitapp;
				PRODUCT_NAME = "$(TARGET_NAME)";
				SDKROOT = watchos;
				SKIP_INSTALL = YES;
				SWIFT_EMIT_LOC_STRINGS = YES;
				SWIFT_VERSION = 5.0;
				TARGETED_DEVICE_FAMILY = 4;
				WATCHOS_DEPLOYMENT_TARGET = 10.5;
			};
			name = Release;
		};
/* End XCBuildConfiguration section */

/* Begin XCConfigurationList section */
		2CC9973E2C05C81E008C9EB8 /* Build configuration list for PBXProject "HealthNote" */ = {
			isa = XCConfigurationList;
			buildConfigurations = (
				2CC9974F2C05C81F008C9EB8 /* Debug */,
				2CC997502C05C81F008C9EB8 /* Release */,
			);
			defaultConfigurationIsVisible = 0;
			defaultConfigurationName = Release;
		};
		2CC997512C05C81F008C9EB8 /* Build configuration list for PBXNativeTarget "HealthNote" */ = {
			isa = XCConfigurationList;
			buildConfigurations = (
				2CC997522C05C81F008C9EB8 /* Debug */,
				2CC997532C05C81F008C9EB8 /* Release */,
			);
			defaultConfigurationIsVisible = 0;
			defaultConfigurationName = Release;
		};
		2CEE61FE2C240CA40067E550 /* Build configuration list for PBXNativeTarget "HealthNoteWatch Watch App" */ = {
			isa = XCConfigurationList;
			buildConfigurations = (
				2CEE61FF2C240CA40067E550 /* Debug */,
				2CEE62002C240CA40067E550 /* Release */,
			);
			defaultConfigurationIsVisible = 0;
			defaultConfigurationName = Release;
		};
/* End XCConfigurationList section */
	};
	rootObject = 2CC9973B2C05C81E008C9EB8 /* Project object */;
}
